
Microsoft Visual Studio Solution File, Format Version 12.00
# Visual Studio Version 16
VisualStudioVersion = 16.0.30907.101
MinimumVisualStudioVersion = 10.0.40219.1
Project("{FAE04EC0-301F-11D3-BF4B-00C04F79EFBC}") = "Practice project", "Practice project\Practice project.csproj", "{5307F99D-5129-412B-831C-CE8CAAC8D569}"
EndProject
Global
	GlobalSection(SolutionConfigurationPlatforms) = preSolution
		Debug|Any CPU = Debug|Any CPU
		Release|Any CPU = Release|Any CPU
	EndGlobalSection
	GlobalSection(ProjectConfigurationPlatforms) = postSolution
		{5307F99D-5129-412B-831C-CE8CAAC8D569}.Debug|Any CPU.ActiveCfg = Debug|Any CPU
		{5307F99D-5129-412B-831C-CE8CAAC8D569}.Debug|Any CPU.Build.0 = Debug|Any CPU
		{5307F99D-5129-412B-831C-CE8CAAC8D569}.Release|Any CPU.ActiveCfg = Release|Any CPU
		{5307F99D-5129-412B-831C-CE8CAAC8D569}.Release|Any CPU.Build.0 = Release|Any CPU
	EndGlobalSection
	GlobalSection(SolutionProperties) = preSolution
		HideSolutionNode = FALSE
	EndGlobalSection
	GlobalSection(ExtensibilityGlobals) = postSolution
		SolutionGuid = {838920CE-9741-40F2-84C2-997717F01BB3}
	EndGlobalSection
EndGlobal
